# THIS IS AN AUTOGENERATED FILE. DO NOT EDIT THIS FILE DIRECTLY.
# yarn lockfile v1


async-validator@^1.12.2:
  version "1.12.2"
  resolved "https://registry.npm.taobao.org/async-validator/download/async-validator-1.12.2.tgz#beae671e7174d2938b7b4b69d2fb7e722b7fd72c"
  integrity sha1-vq5nHnF00pOLe0tp0vt+cit/1yw=

batch-processor@1.0.0:
  version "1.0.0"
  resolved "https://registry.npm.taobao.org/batch-processor/download/batch-processor-1.0.0.tgz#75c95c32b748e0850d10c2b168f6bdbe9891ace8"
  integrity sha1-dclcMrdI4IUNEMKxaPa9vpiRrOg=

camel-case@^3.0.0:
  version "3.0.0"
  resolved "http://npm.cs2025.com/camel-case/-/camel-case-3.0.0.tgz#ca3c3688a4e9cf3a4cda777dc4dcbc713249cf73"
  integrity sha1-yjw2iKTpzzpM2nd9xNy8cTJJz3M=
  dependencies:
    no-case "^2.2.0"
    upper-case "^1.1.1"

change-case@^3.1.0:
  version "3.1.0"
  resolved "http://npm.cs2025.com/change-case/-/change-case-3.1.0.tgz#0e611b7edc9952df2e8513b27b42de72647dd17e"
  integrity sha1-DmEbftyZUt8uhROye0LecmR90X4=
  dependencies:
    camel-case "^3.0.0"
    constant-case "^2.0.0"
    dot-case "^2.1.0"
    header-case "^1.0.0"
    is-lower-case "^1.1.0"
    is-upper-case "^1.1.0"
    lower-case "^1.1.1"
    lower-case-first "^1.0.0"
    no-case "^2.3.2"
    param-case "^2.1.0"
    pascal-case "^2.0.0"
    path-case "^2.1.0"
    sentence-case "^2.1.0"
    snake-case "^2.1.0"
    swap-case "^1.1.0"
    title-case "^2.1.0"
    upper-case "^1.1.1"
    upper-case-first "^1.1.0"

constant-case@^2.0.0:
  version "2.0.0"
  resolved "http://npm.cs2025.com/constant-case/-/constant-case-2.0.0.tgz#4175764d389d3fa9c8ecd29186ed6005243b6a46"
  integrity sha1-QXV2TTidP6nI7NKRhu1gBSQ7akY=
  dependencies:
    snake-case "^2.1.0"
    upper-case "^1.1.1"

deepmerge@^2.2.1:
  version "2.2.1"
  resolved "https://registry.npm.taobao.org/deepmerge/download/deepmerge-2.2.1.tgz#5d3ff22a01c00f645405a2fbc17d0778a1801170"
  integrity sha1-XT/yKgHAD2RUBaL7wX0HeKGAEXA=

dot-case@^2.1.0:
  version "2.1.1"
  resolved "http://npm.cs2025.com/dot-case/-/dot-case-2.1.1.tgz#34dcf37f50a8e93c2b3bca8bb7fb9155c7da3bee"
  integrity sha1-NNzzf1Co6TwrO8qLt/uRVcfaO+4=
  dependencies:
    no-case "^2.2.0"

element-resize-detector@^1.2.0:
  version "1.2.0"
  resolved "https://registry.npm.taobao.org/element-resize-detector/download/element-resize-detector-1.2.0.tgz#63344fd6f4e5ecff6f018d027e17b281fd4fa338"
  integrity sha1-YzRP1vTl7P9vAY0Cfheygf1Pozg=
  dependencies:
    batch-processor "1.0.0"

header-case@^1.0.0:
  version "1.0.1"
  resolved "http://npm.cs2025.com/header-case/-/header-case-1.0.1.tgz#9535973197c144b09613cd65d317ef19963bd02d"
  integrity sha1-lTWXMZfBRLCWE81l0xfvGZY70C0=
  dependencies:
    no-case "^2.2.0"
    upper-case "^1.1.3"

is-lower-case@^1.1.0:
  version "1.1.3"
  resolved "http://npm.cs2025.com/is-lower-case/-/is-lower-case-1.1.3.tgz#7e147be4768dc466db3bfb21cc60b31e6ad69393"
  integrity sha1-fhR75HaNxGbbO/shzGCzHmrWk5M=
  dependencies:
    lower-case "^1.1.0"

is-upper-case@^1.1.0:
  version "1.1.2"
  resolved "http://npm.cs2025.com/is-upper-case/-/is-upper-case-1.1.2.tgz#8d0b1fa7e7933a1e58483600ec7d9661cbaf756f"
  integrity sha1-jQsfp+eTOh5YSDYA7H2WYcuvdW8=
  dependencies:
    upper-case "^1.1.0"

iview@^3.5.1:
  version "3.5.1"
  resolved "https://registry.npm.taobao.org/iview/download/iview-3.5.1.tgz#d15b97126ea89a71f5b3623d6add2fb48f6f44d6"
  integrity sha1-0VuXEm6omnH1s2I9at0vtI9vRNY=
  dependencies:
    async-validator "^1.12.2"
    deepmerge "^2.2.1"
    element-resize-detector "^1.2.0"
    js-calendar "^1.2.3"
    lodash.throttle "^4.1.1"
    popper.js "^1.14.6"
    tinycolor2 "^1.4.1"
    v-click-outside-x "^4.0.19"

js-calendar@^1.2.3:
  version "1.2.3"
  resolved "https://registry.npm.taobao.org/js-calendar/download/js-calendar-1.2.3.tgz#a583b0644b4e695ba394f344d103dbcc7a7a7d3e"
  integrity sha1-pYOwZEtOaVujlPNE0QPbzHp6fT4=

lodash.throttle@^4.1.1:
  version "4.1.1"
  resolved "https://registry.npm.taobao.org/lodash.throttle/download/lodash.throttle-4.1.1.tgz#c23e91b710242ac70c37f1e1cda9274cc39bf2f4"
  integrity sha1-wj6RtxAkKscMN/HhzaknTMOb8vQ=

lodash@^4.17.15:
  version "4.17.15"
  resolved "http://npm.cs2025.com/lodash/-/lodash-4.17.15.tgz#b447f6670a0455bbfeedd11392eff330ea097548"
  integrity sha1-tEf2ZwoEVbv+7dETku/zMOoJdUg=

lower-case-first@^1.0.0:
  version "1.0.2"
  resolved "http://npm.cs2025.com/lower-case-first/-/lower-case-first-1.0.2.tgz#e5da7c26f29a7073be02d52bac9980e5922adfa1"
  integrity sha1-5dp8JvKacHO+AtUrrJmA5ZIq36E=
  dependencies:
    lower-case "^1.1.2"

lower-case@^1.1.0, lower-case@^1.1.1, lower-case@^1.1.2:
  version "1.1.4"
  resolved "http://npm.cs2025.com/lower-case/-/lower-case-1.1.4.tgz#9a2cabd1b9e8e0ae993a4bf7d5875c39c42e8eac"
  integrity sha1-miyr0bno4K6ZOkv31YdcOcQujqw=

no-case@^2.2.0, no-case@^2.3.2:
  version "2.3.2"
  resolved "http://npm.cs2025.com/no-case/-/no-case-2.3.2.tgz#60b813396be39b3f1288a4c1ed5d1e7d28b464ac"
  integrity sha1-YLgTOWvjmz8SiKTB7V0efSi0ZKw=
  dependencies:
    lower-case "^1.1.1"

param-case@^2.1.0:
  version "2.1.1"
  resolved "http://npm.cs2025.com/param-case/-/param-case-2.1.1.tgz#df94fd8cf6531ecf75e6bef9a0858fbc72be2247"
  integrity sha1-35T9jPZTHs915r75oIWPvHK+Ikc=
  dependencies:
    no-case "^2.2.0"

pascal-case@^2.0.0:
  version "2.0.1"
  resolved "http://npm.cs2025.com/pascal-case/-/pascal-case-2.0.1.tgz#2d578d3455f660da65eca18ef95b4e0de912761e"
  integrity sha1-LVeNNFX2YNpl7KGO+VtODekSdh4=
  dependencies:
    camel-case "^3.0.0"
    upper-case-first "^1.1.0"

path-case@^2.1.0:
  version "2.1.1"
  resolved "http://npm.cs2025.com/path-case/-/path-case-2.1.1.tgz#94b8037c372d3fe2906e465bb45e25d226e8eea5"
  integrity sha1-lLgDfDctP+KQbkZbtF4l0ibo7qU=
  dependencies:
    no-case "^2.2.0"

popper.js@^1.14.6:
  version "1.15.0"
  resolved "https://registry.npm.taobao.org/popper.js/download/popper.js-1.15.0.tgz#5560b99bbad7647e9faa475c6b8056621f5a4ff2"
  integrity sha1-VWC5m7rXZH6fqkdca4BWYh9aT/I=

sentence-case@^2.1.0:
  version "2.1.1"
  resolved "http://npm.cs2025.com/sentence-case/-/sentence-case-2.1.1.tgz#1f6e2dda39c168bf92d13f86d4a918933f667ed4"
  integrity sha1-H24t2jnBaL+S0T+G1KkYkz9mftQ=
  dependencies:
    no-case "^2.2.0"
    upper-case-first "^1.1.2"

snake-case@^2.1.0:
  version "2.1.0"
  resolved "http://npm.cs2025.com/snake-case/-/snake-case-2.1.0.tgz#41bdb1b73f30ec66a04d4e2cad1b76387d4d6d9f"
  integrity sha1-Qb2xtz8w7GagTU4srRt2OH1NbZ8=
  dependencies:
    no-case "^2.2.0"

swap-case@^1.1.0:
  version "1.1.2"
  resolved "http://npm.cs2025.com/swap-case/-/swap-case-1.1.2.tgz#c39203a4587385fad3c850a0bd1bcafa081974e3"
  integrity sha1-w5IDpFhzhfrTyFCgvRvK+ggZdOM=
  dependencies:
    lower-case "^1.1.1"
    upper-case "^1.1.1"

tinycolor2@^1.4.1:
  version "1.4.1"
  resolved "https://registry.npm.taobao.org/tinycolor2/download/tinycolor2-1.4.1.tgz#f4fad333447bc0b07d4dc8e9209d8f39a8ac77e8"
  integrity sha1-9PrTM0R7wLB9TcjpIJ2POaisd+g=

title-case@^2.1.0:
  version "2.1.1"
  resolved "http://npm.cs2025.com/title-case/-/title-case-2.1.1.tgz#3e127216da58d2bc5becf137ab91dae3a7cd8faa"
  integrity sha1-PhJyFtpY0rxb7PE3q5Ha46fNj6o=
  dependencies:
    no-case "^2.2.0"
    upper-case "^1.0.3"

upper-case-first@^1.1.0, upper-case-first@^1.1.2:
  version "1.1.2"
  resolved "http://npm.cs2025.com/upper-case-first/-/upper-case-first-1.1.2.tgz#5d79bedcff14419518fd2edb0a0507c9b6859115"
  integrity sha1-XXm+3P8UQZUY/S7bCgUHybaFkRU=
  dependencies:
    upper-case "^1.1.1"

upper-case@^1.0.3, upper-case@^1.1.0, upper-case@^1.1.1, upper-case@^1.1.3:
  version "1.1.3"
  resolved "http://npm.cs2025.com/upper-case/-/upper-case-1.1.3.tgz#f6b4501c2ec4cdd26ba78be7222961de77621598"
  integrity sha1-9rRQHC7EzdJrp4vnIilh3ndiFZg=

v-click-outside-x@^4.0.19:
  version "4.0.19"
  resolved "https://registry.npm.taobao.org/v-click-outside-x/download/v-click-outside-x-4.0.19.tgz#63fc2e68e99b3486fde4209435ac0ed3b67da3fc"
  integrity sha1-Y/wuaOmbNIb95CCUNawO07Z9o/w=

vue@^2.6.10:
  version "2.6.10"
  resolved "https://registry.npm.taobao.org/vue/download/vue-2.6.10.tgz#a72b1a42a4d82a721ea438d1b6bf55e66195c637"
  integrity sha1-pysaQqTYKnIepDjRtr9V5mGVxjc=
